
Microsoft Visual Studio Solution File, Format Version 12.00
# Visual Studio Version 17
VisualStudioVersion = 17.13.35806.99 d17.13
MinimumVisualStudioVersion = 10.0.40219.1
Project("{FAE04EC0-301F-11D3-BF4B-00C04F79EFBC}") = "iMAPX.API", "iMAPX.API.csproj", "{CD09D639-E486-4F87-996C-416D3F6F1513}"
EndProject
Global
	GlobalSection(SolutionConfigurationPlatforms) = preSolution
		Debug|Any CPU = Debug|Any CPU
		Release|Any CPU = Release|Any CPU
	EndGlobalSection
	GlobalSection(ProjectConfigurationPlatforms) = postSolution
		{CD09D639-E486-4F87-996C-416D3F6F1513}.Debug|Any CPU.ActiveCfg = Debug|Any CPU
		{CD09D639-E486-4F87-996C-416D3F6F1513}.Debug|Any CPU.Build.0 = Debug|Any CPU
		{CD09D639-E486-4F87-996C-416D3F6F1513}.Release|Any CPU.ActiveCfg = Release|Any CPU
		{CD09D639-E486-4F87-996C-416D3F6F1513}.Release|Any CPU.Build.0 = Release|Any CPU
	EndGlobalSection
	GlobalSection(SolutionProperties) = preSolution
		HideSolutionNode = FALSE
	EndGlobalSection
	GlobalSection(ExtensibilityGlobals) = postSolution
		SolutionGuid = {E9826DF2-312A-4B6E-91A4-A5D15E9645A8}
	EndGlobalSection
EndGlobal
